{
  "requires": true,
  "lockfileVersion": 1,
  "dependencies": {
    "rita": {
      "version": "2.8.1",
      "resolved": "https://registry.npmjs.org/rita/-/rita-2.8.1.tgz",
      "integrity": "sha512-WgJnCAYQML237bTeqWWZJhlVnZIEFd9uKjh2YUx5i0fKh7srQ4jyqaMYEOlcDe/84sOj3MdKI4FNRLbZy6LPXQ=="
    }
  }
}
